
Microsoft Visual Studio Solution File, Format Version 12.00
# Visual Studio Version 17
VisualStudioVersion = 17.14.37111.16
MinimumVisualStudioVersion = 10.0.40219.1
Project("{FAE04EC0-301F-11D3-BF4B-00C04F79EFBC}") = "backend", "backend\backend.csproj", "{138B7D0A-EB98-44BB-B579-92797FC64CE9}"
EndProject
Project("{FAE04EC0-301F-11D3-BF4B-00C04F79EFBC}") = "Backend.Tests", "Backend.Tests\Backend.Tests.csproj", "{109D22FB-5A29-48A2-8452-BF088E782306}"
EndProject
Global
	GlobalSection(SolutionConfigurationPlatforms) = preSolution
		Debug|Any CPU = Debug|Any CPU
		Release|Any CPU = Release|Any CPU
	EndGlobalSection
	GlobalSection(ProjectConfigurationPlatforms) = postSolution
		{138B7D0A-EB98-44BB-B579-92797FC64CE9}.Debug|Any CPU.ActiveCfg = Debug|Any CPU
		{138B7D0A-EB98-44BB-B579-92797FC64CE9}.Debug|Any CPU.Build.0 = Debug|Any CPU
		{138B7D0A-EB98-44BB-B579-92797FC64CE9}.Release|Any CPU.ActiveCfg = Release|Any CPU
		{138B7D0A-EB98-44BB-B579-92797FC64CE9}.Release|Any CPU.Build.0 = Release|Any CPU
		{109D22FB-5A29-48A2-8452-BF088E782306}.Debug|Any CPU.ActiveCfg = Debug|Any CPU
		{109D22FB-5A29-48A2-8452-BF088E782306}.Debug|Any CPU.Build.0 = Debug|Any CPU
		{109D22FB-5A29-48A2-8452-BF088E782306}.Release|Any CPU.ActiveCfg = Release|Any CPU
		{109D22FB-5A29-48A2-8452-BF088E782306}.Release|Any CPU.Build.0 = Release|Any CPU
	EndGlobalSection
	GlobalSection(SolutionProperties) = preSolution
		HideSolutionNode = FALSE
	EndGlobalSection
	GlobalSection(ExtensibilityGlobals) = postSolution
		SolutionGuid = {4EEDF8ED-118A-412A-A25C-A403E7F187D3}
	EndGlobalSection
EndGlobal
